
Microsoft Visual Studio Solution File, Format Version 12.00
# Visual Studio 15
VisualStudioVersion = 15.0.27428.2015
MinimumVisualStudioVersion = 10.0.40219.1
Project("{FAE04EC0-301F-11D3-BF4B-00C04F79EFBC}") = "MOVIEZO -", "MOVIEZO -\MOVIEZO -.csproj", "{206D2A1C-C9AD-45E1-94DE-99E954D26157}"
EndProject
Global
	GlobalSection(SolutionConfigurationPlatforms) = preSolution
		Debug|Any CPU = Debug|Any CPU
		Release|Any CPU = Release|Any CPU
	EndGlobalSection
	GlobalSection(ProjectConfigurationPlatforms) = postSolution
		{206D2A1C-C9AD-45E1-94DE-99E954D26157}.Debug|Any CPU.ActiveCfg = Debug|Any CPU
		{206D2A1C-C9AD-45E1-94DE-99E954D26157}.Debug|Any CPU.Build.0 = Debug|Any CPU
		{206D2A1C-C9AD-45E1-94DE-99E954D26157}.Release|Any CPU.ActiveCfg = Release|Any CPU
		{206D2A1C-C9AD-45E1-94DE-99E954D26157}.Release|Any CPU.Build.0 = Release|Any CPU
	EndGlobalSection
	GlobalSection(SolutionProperties) = preSolution
		HideSolutionNode = FALSE
	EndGlobalSection
	GlobalSection(ExtensibilityGlobals) = postSolution
		SolutionGuid = {5483A239-95EB-4C06-857C-1A33D87B9692}
	EndGlobalSection
EndGlobal
